version = 1
revision = 3
requires-python = ">=3.11.9, <3.12"
resolution-markers = [
    "sys_platform == 'darwin'",
    "platform_machine == 'aarch64' and sys_platform == 'linux'",
    "(platform_machine != 'aarch64' and sys_platform == 'linux') or (sys_platform != 'darwin' and sys_platform != 'linux')",
]

[[package]]
name = "clang-format"
version = "20.1.8"
source = { registry = "https://pypi.org/simple" }
sdist = { url = "https://files.pythonhosted.org/packages/62/e5/6560d6466378597f76292a6f54702dcf8a3746edfbd5fbdcb54b12e9ac46/clang_format-20.1.8.tar.gz", hash = "sha256:8ebd717257d8c7daf6bb1f703a4024f009a58941723eeb0d92ec493ce26aa520", size = 11500, upload-time = "2025-07-10T11:40:06.899Z" }
wheels = [
    { url = "https://files.pythonhosted.org/packages/4f/cd/6dab2c15bb2f13ad13015fb92eda0b49b3bd866153072e4d9796f7b220e4/clang_format-20.1.8-py2.py3-none-macosx_10_9_x86_64.whl", hash = "sha256:e9422bc81b3bea6c0ee773662fbe3bfd8a9479ae70e59008095dfae7001c5a84", size = 1429486, upload-time = "2025-07-10T11:39:38.665Z" },
    { url = "https://files.pythonhosted.org/packages/d8/4c/3efe4fe6910e1e00dcec0c8d9ef715164500f043e9911bdf253370ff917b/clang_format-20.1.8-py2.py3-none-macosx_11_0_arm64.whl", hash = "sha256:c0cf62720247a7dd1e2d610816a2f7d7016433f9c2869880cba655449bd09616", size = 1400840, upload-time = "2025-07-10T11:39:40.516Z" },
    { url = "https://files.pythonhosted.org/packages/dc/c3/af601563d3bfa4c514406347c13dc639f984df7c9e13df3a0adf3a650fc9/clang_format-20.1.8-py2.py3-none-manylinux2014_i686.manylinux_2_17_i686.whl", hash = "sha256:4f998e5c19e10f69b87af6991ccb14db934b5fa36fd28c7dbfc17dee957007f4", size = 1777504, upload-time = "2025-07-10T11:39:42.266Z" },
    { url = "https://files.pythonhosted.org/packages/06/60/7c2ff3019599ad985d0a61f74ba8226d538c72485b0e3d25b1899601a9f5/clang_format-20.1.8-py2.py3-none-manylinux_2_27_aarch64.manylinux_2_28_aarch64.whl", hash = "sha256:34de32fe53452a07497793d5faf3fd03f7cf8b960b915417471ae81227461a39", size = 1692081, upload-time = "2025-07-10T11:39:43.67Z" },
    { url = "https://files.pythonhosted.org/packages/99/74/956bc5455ce102767805b2eafcada0de003c391adb8299222432091af309/clang_format-20.1.8-py2.py3-none-manylinux_2_27_ppc64le.manylinux_2_28_ppc64le.whl", hash = "sha256:1397b1b700ee78af73b14c5d65ad777c570c79a175c220768056fbcb7afed113", size = 1987169, upload-time = "2025-07-10T11:39:45.465Z" },
    { url = "https://files.pythonhosted.org/packages/70/3f/0c141c391a0d4bd4012758f68a27ddc1db8b48814f96eb459417e197124a/clang_format-20.1.8-py2.py3-none-manylinux_2_27_s390x.manylinux_2_28_s390x.whl", hash = "sha256:e195b5f6b79d89d42d4094d103f0a4f47ff3997d6474811622b95ab596f01fd2", size = 2005960, upload-time = "2025-07-10T11:39:47.163Z" },
    { url = "https://files.pythonhosted.org/packages/a6/77/786aa0fc8a75d8ce94966bb33e44c63fec1964cbf343ee862ed6a5be38c1/clang_format-20.1.8-py2.py3-none-manylinux_2_27_x86_64.manylinux_2_28_x86_64.whl", hash = "sha256:7c6bcb7e01ba4f05a4c980fda147b330f7e4833c2aea8c92a0c2df9573ae7afe", size = 1777063, upload-time = "2025-07-10T11:39:48.962Z" },
    { url = "https://files.pythonhosted.org/packages/bc/0b/79cc55d7a64f3798a044c1f12c288048c6551af834700ac2ed1204c1181d/clang_format-20.1.8-py2.py3-none-manylinux_2_31_armv7l.whl", hash = "sha256:d99a5f3d7a252ab762ed79bc2a271a63fe593ae2e2565ce287835c00ce13c37e", size = 1626598, upload-time = "2025-07-10T11:39:50.468Z" },
    { url = "https://files.pythonhosted.org/packages/cf/a2/913509f0e845b2beb0d298a9ec78c230a3a1f659c6928f990e84b842da4a/clang_format-20.1.8-py2.py3-none-musllinux_1_2_aarch64.whl", hash = "sha256:0a687c6efd7708227eafec37e98143e0b4b7dbeca82ff8e1de110d434f4e63ac", size = 2689936, upload-time = "2025-07-10T11:39:52.08Z" },
    { url = "https://files.pythonhosted.org/packages/0e/29/7cb26c5884040d4cb2f1e3ece6d37ebaf318d7cd281339affc94d1a9803c/clang_format-20.1.8-py2.py3-none-musllinux_1_2_armv7l.whl", hash = "sha256:d6491195d8edc788de8abfaea30b78ff74ad3f5ee89653cd0a27a4af4feb1317", size = 2462082, upload-time = "2025-07-10T11:39:53.73Z" },
    { url = "https://files.pythonhosted.org/packages/6a/55/11ba71667856abfc7872c33e71b15c551d2d0fc3ef86ef73f92a46b2749c/clang_format-20.1.8-py2.py3-none-musllinux_1_2_i686.whl", hash = "sha256:9ceae6a1fbd594ec2a31157997378b70df42273795a0177be0725a4e96336231", size = 2927834, upload-time = "2025-07-10T11:39:55.264Z" },
    { url = "https://files.pythonhosted.org/packages/e6/71/496d2bafcb03b16a6fff25e73dcbe5aedcf68dd138580022b3114a3f7a84/clang_format-20.1.8-py2.py3-none-musllinux_1_2_ppc64le.whl", hash = "sha256:941396455b529ca130fae24d6d95bdf9a236d2ad22318991090d0b7ae53d236a", size = 3054954, upload-time = "2025-07-10T11:39:56.823Z" },
    { url = "https://files.pythonhosted.org/packages/d5/b9/8e5595a8d301c9695802664e4e00548a4c88a9fb6e434aac43e4778f06e1/clang_format-20.1.8-py2.py3-none-musllinux_1_2_s390x.whl", hash = "sha256:8dbbdfce85bdde675dee98fdbcddee445e6a9492b2a2b04afabfd33525be5642", size = 3159351, upload-time = "2025-07-10T11:39:58.95Z" },
    { url = "https://files.pythonhosted.org/packages/51/50/d385c1eb678061a18ab1de198e8400bb8c69003ec54fd4220f1c34ea6c46/clang_format-20.1.8-py2.py3-none-musllinux_1_2_x86_64.whl", hash = "sha256:abc1b72f42db5db695d539b0a1b3cc3c125dfaa9c5baea0a94a3a2d6d1e50c1f", size = 2809188, upload-time = "2025-07-10T11:40:00.797Z" },
    { url = "https://files.pythonhosted.org/packages/a7/2d/e02502cd8c845f0b3e17c556648fd481aca0d77935adf8684cda5e4293e5/clang_format-20.1.8-py2.py3-none-win32.whl", hash = "sha256:635b57361fa3caeb9449aa62584d7cd38fbee81dbf3addd6b1d7c377eb34e766", size = 1261819, upload-time = "2025-07-10T11:40:02.194Z" },
    { url = "https://files.pythonhosted.org/packages/bd/ee/656287efdf58dccc7a7299fab547fe1313b49ca1ea1607ea475b262d640f/clang_format-20.1.8-py2.py3-none-win_amd64.whl", hash = "sha256:346ac8cab571eaba4d6b89dfa30fdbbc512db82a66ab0eeb1763cacc5977e325", size = 1414174, upload-time = "2025-07-10T11:40:03.701Z" },
    { url = "https://files.pythonhosted.org/packages/8b/27/71cd96599d47229bd819dcc0c688a859764bb1b4960a23b8a75f8558c044/clang_format-20.1.8-py2.py3-none-win_arm64.whl", hash = "sha256:d18b7b69697e97b6917a69f4bf48bf94e3827b016b491c90dd0f6ab917e37cf9", size = 1319592, upload-time = "2025-07-10T11:40:05.441Z" },
]

[[package]]
name = "cmakelang"
version = "0.6.13"
source = { registry = "https://pypi.org/simple" }
dependencies = [
    { name = "six" },
]
sdist = { url = "https://files.pythonhosted.org/packages/74/c0/75d4806cf21dcb4198e9fba02f4d2fa61c8db919b7db788862d9cd5f4433/cmakelang-0.6.13.tar.gz", hash = "sha256:03982e87b00654d024d73ef972d9d9bb0e5726cdb6b8a424a15661fb6278e67f", size = 123111, upload-time = "2020-08-19T17:15:25.44Z" }
wheels = [
    { url = "https://files.pythonhosted.org/packages/86/a8/c4676cac062d133c6b909d7def80a3194162597968953a3291b309878721/cmakelang-0.6.13-py3-none-any.whl", hash = "sha256:764b9467195c7c36453d60a829f30229720d26c7dffd41cb516b99bd9c7daf4e", size = 159803, upload-time = "2020-08-19T17:15:23.981Z" },
]

[[package]]
name = "colorama"
version = "0.4.6"
source = { registry = "https://pypi.org/simple" }
sdist = { url = "https://files.pythonhosted.org/packages/d8/53/6f443c9a4a8358a93a6792e2acffb9d9d5cb0a5cfd8802644b7b1c9a02e4/colorama-0.4.6.tar.gz", hash = "sha256:08695f5cb7ed6e0531a20572697297273c47b8cae5a63ffc6d6ed5c201be6e44", size = 27697, upload-time = "2022-10-25T02:36:22.414Z" }
wheels = [
    { url = "https://files.pythonhosted.org/packages/d1/d6/3965ed04c63042e047cb6a3e6ed1a63a35087b6a609aa3a15ed8ac56c221/colorama-0.4.6-py2.py3-none-any.whl", hash = "sha256:4f1d9991f5acc0ca119f9d443620b77f9d6b33703e51011c16baf57afb285fc6", size = 25335, upload-time = "2022-10-25T02:36:20.889Z" },
]

[[package]]
name = "coverage"
version = "7.15.2"
source = { registry = "https://pypi.org/simple" }
sdist = { url = "https://files.pythonhosted.org/packages/76/d0/55fe630f4cf94e3fcba868240fad8c8cdd1f764e2a932f8926347e6ec4cd/coverage-7.15.2.tar.gz", hash = "sha256:3df60dc267f0a2ca23cb7a9ab1109c62b9335ffbf519fcfe167157c28c09b81d", size = 927741, upload-time = "2026-07-15T18:56:19.558Z" }
wheels = [
    { url = "https://files.pythonhosted.org/packages/7d/3a/54536704f507d4573bf9161c4d0dd3dd59b6d85e48c664e901b6844d8e33/coverage-7.15.2-cp311-cp311-macosx_10_9_x86_64.whl", hash = "sha256:2f1ec6f304b156669cfde653b4e9a953f5de87e247ea02ac599bce0ab2744036", size = 221414, upload-time = "2026-07-15T18:53:51.941Z" },
    { url = "https://files.pythonhosted.org/packages/b6/d9/8ba925d29743e3577b21e4d8c11a702b76bc93c41e7fdfd1177af63d4b8d/coverage-7.15.2-cp311-cp311-macosx_11_0_arm64.whl", hash = "sha256:4d3361879d736f469f45723c11ea1a5bbdaf1f6928f0e632c940378b5aa9b660", size = 221913, upload-time = "2026-07-15T18:53:53.682Z" },
    { url = "https://files.pythonhosted.org/packages/09/54/a855f3aa0187f2b431ade4e4791b77b56282cfb5d201c83ec26a31b5b36a/coverage-7.15.2-cp311-cp311-manylinux1_i686.manylinux_2_28_i686.manylinux_2_5_i686.whl", hash = "sha256:c6a98d698f9e2c8008d0370ec7fc452ebfcc530002ae2d0061170d768b992589", size = 252332, upload-time = "2026-07-15T18:53:55.467Z" },
    { url = "https://files.pythonhosted.org/packages/8e/d3/13ac97b4370640ba3452fc8559b06cc2f479ce3ba4a0b632a73e44c38a7d/coverage-7.15.2-cp311-cp311-manylinux1_x86_64.manylinux_2_28_x86_64.manylinux_2_5_x86_64.whl", hash = "sha256:d50dd325e18ec25bfcc10cd7f99b04df1ab9ec76b0918c260e60817ad0643dee", size = 254243, upload-time = "2026-07-15T18:53:57.055Z" },
    { url = "https://files.pythonhosted.org/packages/88/83/5eca144942d8d0659d3f55176517f4a59cdc65eefd17146a0770935a3ebd/coverage-7.15.2-cp311-cp311-manylinux2014_aarch64.manylinux_2_17_aarch64.manylinux_2_28_aarch64.whl", hash = "sha256:67d7602480a47bdf5b675635403625553ebaa70d5a62a657c035149fd401cea0", size = 256352, upload-time = "2026-07-15T18:53:58.83Z" },
    { url = "https://files.pythonhosted.org/packages/4e/ba/d3db2e01a50fc88cdb4c0f19542bcf6f61489e34dc9aa3538413e2459a38/coverage-7.15.2-cp311-cp311-manylinux2014_ppc64le.manylinux_2_17_ppc64le.manylinux_2_28_ppc64le.whl", hash = "sha256:cee0f89f4767a6057c8fbf168f8135f18be651300496086bd873e3189fed0487", size = 258313, upload-time = "2026-07-15T18:54:00.497Z" },
    { url = "https://files.pythonhosted.org/packages/78/b3/aba83416e9177df28e5186d856c19158c59fc0e7e814aaa61a4a2354ad1b/coverage-7.15.2-cp311-cp311-manylinux_2_31_riscv64.manylinux_2_39_riscv64.whl", hash = "sha256:a29ec5305a7335aacee2d799e3422e91e1c8a12474986e2b3b07e315c91be82f", size = 252449, upload-time = "2026-07-15T18:54:02.456Z" },
    { url = "https://files.pythonhosted.org/packages/6a/a5/4b00ecac0194431ab451b0f6710f8e2517d04cef60f821b14dec4637d575/coverage-7.15.2-cp311-cp311-musllinux_1_2_aarch64.whl", hash = "sha256:48ccc6395958eda89093ecdc35644c86f23a8b23a7f4d44958812b721aad67c1", size = 254043, upload-time = "2026-07-15T18:54:04.072Z" },
    { url = "https://files.pythonhosted.org/packages/75/b6/cfa209b4313ee7f1b34da47efcd789ea51c024ad35af390e00f5a3c10a2e/coverage-7.15.2-cp311-cp311-musllinux_1_2_i686.whl", hash = "sha256:81f382c5a94b434ec1f6da607edb904c76d7212e618cd4d1bc9f97bed4120ef5", size = 252107, upload-time = "2026-07-15T18:54:06.745Z" },
    { url = "https://files.pythonhosted.org/packages/36/67/e8cac5a6954038c98d7fe7eb9802afe7ab3ecb637bb7cc00e69b4148b56d/coverage-7.15.2-cp311-cp311-musllinux_1_2_ppc64le.whl", hash = "sha256:bbc808daf4f5cd567af8075ecc72d21c6dfef9a254709a621a84c217c935ebc0", size = 255873, upload-time = "2026-07-15T18:54:08.48Z" },
    { url = "https://files.pythonhosted.org/packages/2c/92/395cca9f330a86c3fe3471d73e2c102116c4c58fdc619dbbc125c6e93a54/coverage-7.15.2-cp311-cp311-musllinux_1_2_riscv64.whl", hash = "sha256:a4c46b247b5d4b78f613bd89fea926d32b25c6cc61a50bd1e99ba310348f3dad", size = 251826, upload-time = "2026-07-15T18:54:10.083Z" },
    { url = "https://files.pythonhosted.org/packages/51/60/3e91b20295439652424f426b7086ec5bf4fbe3f604c73eda22b986c4fd6b/coverage-7.15.2-cp311-cp311-musllinux_1_2_x86_64.whl", hash = "sha256:094dd37f3ef7b2da8b068b583d1f4c40f91c65197e16c52a71962d5d537fc5db", size = 252735, upload-time = "2026-07-15T18:54:11.878Z" },
    { url = "https://files.pythonhosted.org/packages/a5/eb/8c07839005e5e3c6b3877d3a6e2a80ce766589f31dd2b6882b78d59a7b8c/coverage-7.15.2-cp311-cp311-win32.whl", hash = "sha256:a63b9e190711134d581c4d703df5df09851b1acf99792c7aacbbe9f41f0283c9", size = 223500, upload-time = "2026-07-15T18:54:13.525Z" },
    { url = "https://files.pythonhosted.org/packages/2e/98/59d83c257cd59f0fbaf9d9ddb26b744a576760dfd1ae16e516408894a02b/coverage-7.15.2-cp311-cp311-win_amd64.whl", hash = "sha256:8bb9f4b4279187560796a4cdaca3b0a93dd97e48ee667df005f4ed9a97403688", size = 223973, upload-time = "2026-07-15T18:54:15.163Z" },
    { url = "https://files.pythonhosted.org/packages/ea/09/2d285c8bef5c4f695d120c1c96dc11715638aa8e134069f210bb6a62a9fe/coverage-7.15.2-cp311-cp311-win_arm64.whl", hash = "sha256:8c726b232659cbd2ae57ade46509eb068c9bd7a06df9fcbff6fe484870006934", size = 223519, upload-time = "2026-07-15T18:54:16.803Z" },
    { url = "https://files.pythonhosted.org/packages/ec/82/32e3bd191d498e64f6f911ad55d14006a0861e54869d2d32452326399e65/coverage-7.15.2-py3-none-any.whl", hash = "sha256:eb6bcae8d1a9d305351ecb108232441d11c5cfe9de840a04388ba5d2db8d735c", size = 213375, upload-time = "2026-07-15T18:56:17.305Z" },
]

[[package]]
name = "iniconfig"
version = "2.3.0"
source = { registry = "https://pypi.org/simple" }
sdist = { url = "https://files.pythonhosted.org/packages/72/34/14ca021ce8e5dfedc35312d08ba8bf51fdd999c576889fc2c24cb97f4f10/iniconfig-2.3.0.tar.gz", hash = "sha256:c76315c77db068650d49c5b56314774a7804df16fee4402c1f19d6d15d8c4730", size = 20503, upload-time = "2025-10-18T21:55:43.219Z" }
wheels = [
    { url = "https://files.pythonhosted.org/packages/cb/b1/3846dd7f199d53cb17f49cba7e651e9ce294d8497c8c150530ed11865bb8/iniconfig-2.3.0-py3-none-any.whl", hash = "sha256:f631c04d2c48c52b84d0d0549c99ff3859c98df65b3101406327ecc7d53fbf12", size = 7484, upload-time = "2025-10-18T21:55:41.639Z" },
]

[[package]]
name = "nanobind"
version = "2.9.2"
source = { registry = "https://pypi.org/simple" }
sdist = { url = "https://files.pythonhosted.org/packages/d1/48/edccb2ec318dee2f979765ca8e565e867569522bb55ad384d57b01c3da03/nanobind-2.9.2.tar.gz", hash = "sha256:e7608472de99d375759814cab3e2c94aba3f9ec80e62cfef8ced495ca5c27d6e", size = 984270, upload-time = "2025-09-04T12:52:45.322Z" }
wheels = [
    { url = "https://files.pythonhosted.org/packages/05/20/f8944f162df48a20f8f533f4e4faed63891aa368ceca8cc8b32d4c785ed4/nanobind-2.9.2-py3-none-any.whl", hash = "sha256:c37957ffd5eac7eda349cff3622ecd32e5ee1244ecc912c99b5bc8188bafd16e", size = 243830, upload-time = "2025-09-04T12:52:43.652Z" },
]

[[package]]
name = "numpy"
version = "1.26.4"
source = { registry = "https://pypi.org/simple" }
sdist = { url = "https://files.pythonhosted.org/packages/65/6e/09db70a523a96d25e115e71cc56a6f9031e7b8cd166c1ac8438307c14058/numpy-1.26.4.tar.gz", hash = "sha256:2a02aba9ed12e4ac4eb3ea9421c420301a0c6460d9830d74a9df87efa4912010", size = 15786129, upload-time = "2024-02-06T00:26:44.495Z" }
wheels = [
    { url = "https://files.pythonhosted.org/packages/11/57/baae43d14fe163fa0e4c47f307b6b2511ab8d7d30177c491960504252053/numpy-1.26.4-cp311-cp311-macosx_10_9_x86_64.whl", hash = "sha256:4c66707fabe114439db9068ee468c26bbdf909cac0fb58686a42a24de1760c71", size = 20630554, upload-time = "2024-02-05T23:51:50.149Z" },
    { url = "https://files.pythonhosted.org/packages/1a/2e/151484f49fd03944c4a3ad9c418ed193cfd02724e138ac8a9505d056c582/numpy-1.26.4-cp311-cp311-macosx_11_0_arm64.whl", hash = "sha256:edd8b5fe47dab091176d21bb6de568acdd906d1887a4584a15a9a96a1dca06ef", size = 13997127, upload-time = "2024-02-05T23:52:15.314Z" },
    { url = "https://files.pythonhosted.org/packages/79/ae/7e5b85136806f9dadf4878bf73cf223fe5c2636818ba3ab1c585d0403164/numpy-1.26.4-cp311-cp311-manylinux_2_17_aarch64.manylinux2014_aarch64.whl", hash = "sha256:7ab55401287bfec946ced39700c053796e7cc0e3acbef09993a9ad2adba6ca6e", size = 14222994, upload-time = "2024-02-05T23:52:47.569Z" },
    { url = "https://files.pythonhosted.org/packages/3a/d0/edc009c27b406c4f9cbc79274d6e46d634d139075492ad055e3d68445925/numpy-1.26.4-cp311-cp311-manylinux_2_17_x86_64.manylinux2014_x86_64.whl", hash = "sha256:666dbfb6ec68962c033a450943ded891bed2d54e6755e35e5835d63f4f6931d5", size = 18252005, upload-time = "2024-02-05T23:53:15.637Z" },
    { url = "https://files.pythonhosted.org/packages/09/bf/2b1aaf8f525f2923ff6cfcf134ae5e750e279ac65ebf386c75a0cf6da06a/numpy-1.26.4-cp311-cp311-musllinux_1_1_aarch64.whl", hash = "sha256:96ff0b2ad353d8f990b63294c8986f1ec3cb19d749234014f4e7eb0112ceba5a", size = 13885297, upload-time = "2024-02-05T23:53:42.16Z" },
    { url = "https://files.pythonhosted.org/packages/df/a0/4e0f14d847cfc2a633a1c8621d00724f3206cfeddeb66d35698c4e2cf3d2/numpy-1.26.4-cp311-cp311-musllinux_1_1_x86_64.whl", hash = "sha256:60dedbb91afcbfdc9bc0b1f3f402804070deed7392c23eb7a7f07fa857868e8a", size = 18093567, upload-time = "2024-02-05T23:54:11.696Z" },
    { url = "https://files.pythonhosted.org/packages/d2/b7/a734c733286e10a7f1a8ad1ae8c90f2d33bf604a96548e0a4a3a6739b468/numpy-1.26.4-cp311-cp311-win32.whl", hash = "sha256:1af303d6b2210eb850fcf03064d364652b7120803a0b872f5211f5234b399f20", size = 5968812, upload-time = "2024-02-05T23:54:26.453Z" },
    { url = "https://files.pythonhosted.org/packages/3f/6b/5610004206cf7f8e7ad91c5a85a8c71b2f2f8051a0c0c4d5916b76d6cbb2/numpy-1.26.4-cp311-cp311-win_amd64.whl", hash = "sha256:cd25bcecc4974d09257ffcd1f098ee778f7834c3ad767fe5db785be9a4aa9cb2", size = 15811913, upload-time = "2024-02-05T23:54:53.933Z" },
]

[[package]]
name = "opencv-python"
version = "4.11.0.86"
source = { registry = "https://pypi.org/simple" }
dependencies = [
    { name = "numpy" },
]
sdist = { url = "https://files.pythonhosted.org/packages/17/06/68c27a523103dad5837dc5b87e71285280c4f098c60e4fe8a8db6486ab09/opencv-python-4.11.0.86.tar.gz", hash = "sha256:03d60ccae62304860d232272e4a4fda93c39d595780cb40b161b310244b736a4", size = 95171956, upload-time = "2025-01-16T13:52:24.737Z" }
wheels = [
    { url = "https://files.pythonhosted.org/packages/05/4d/53b30a2a3ac1f75f65a59eb29cf2ee7207ce64867db47036ad61743d5a23/opencv_python-4.11.0.86-cp37-abi3-macosx_13_0_arm64.whl", hash = "sha256:432f67c223f1dc2824f5e73cdfcd9db0efc8710647d4e813012195dc9122a52a", size = 37326322, upload-time = "2025-01-16T13:52:25.887Z" },
    { url = "https://files.pythonhosted.org/packages/3b/84/0a67490741867eacdfa37bc18df96e08a9d579583b419010d7f3da8ff503/opencv_python-4.11.0.86-cp37-abi3-macosx_13_0_x86_64.whl", hash = "sha256:9d05ef13d23fe97f575153558653e2d6e87103995d54e6a35db3f282fe1f9c66", size = 56723197, upload-time = "2025-01-16T13:55:21.222Z" },
    { url = "https://files.pythonhosted.org/packages/f3/bd/29c126788da65c1fb2b5fb621b7fed0ed5f9122aa22a0868c5e2c15c6d23/opencv_python-4.11.0.86-cp37-abi3-manylinux_2_17_aarch64.manylinux2014_aarch64.whl", hash = "sha256:1b92ae2c8852208817e6776ba1ea0d6b1e0a1b5431e971a2a0ddd2a8cc398202", size = 42230439, upload-time = "2025-01-16T13:51:35.822Z" },
    { url = "https://files.pythonhosted.org/packages/2c/8b/90eb44a40476fa0e71e05a0283947cfd74a5d36121a11d926ad6f3193cc4/opencv_python-4.11.0.86-cp37-abi3-manylinux_2_17_x86_64.manylinux2014_x86_64.whl", hash = "sha256:6b02611523803495003bd87362db3e1d2a0454a6a63025dc6658a9830570aa0d", size = 62986597, upload-time = "2025-01-16T13:52:08.836Z" },
    { url = "https://files.pythonhosted.org/packages/fb/d7/1d5941a9dde095468b288d989ff6539dd69cd429dbf1b9e839013d21b6f0/opencv_python-4.11.0.86-cp37-abi3-win32.whl", hash = "sha256:810549cb2a4aedaa84ad9a1c92fbfdfc14090e2749cedf2c1589ad8359aa169b", size = 29384337, upload-time = "2025-01-16T13:52:13.549Z" },
    { url = "https://files.pythonhosted.org/packages/a4/7d/f1c30a92854540bf789e9cd5dde7ef49bbe63f855b85a2e6b3db8135c591/opencv_python-4.11.0.86-cp37-abi3-win_amd64.whl", hash = "sha256:085ad9b77c18853ea66283e98affefe2de8cc4c1f43eda4c100cf9b2721142ec", size = 39488044, upload-time = "2025-01-16T13:52:21.928Z" },
]

[[package]]
name = "packaging"
version = "26.2"
source = { registry = "https://pypi.org/simple" }
sdist = { url = "https://files.pythonhosted.org/packages/d7/f1/e7a6dd94a8d4a5626c03e4e99c87f241ba9e350cd9e6d75123f992427270/packaging-26.2.tar.gz", hash = "sha256:ff452ff5a3e828ce110190feff1178bb1f2ea2281fa2075aadb987c2fb221661", size = 228134, upload-time = "2026-04-24T20:15:23.917Z" }
wheels = [
    { url = "https://files.pythonhosted.org/packages/df/b2/87e62e8c3e2f4b32e5fe99e0b86d576da1312593b39f47d8ceef365e95ed/packaging-26.2-py3-none-any.whl", hash = "sha256:5fc45236b9446107ff2415ce77c807cee2862cb6fac22b8a73826d0693b0980e", size = 100195, upload-time = "2026-04-24T20:15:22.081Z" },
]

[[package]]
name = "pluggy"
version = "1.6.0"
source = { registry = "https://pypi.org/simple" }
sdist = { url = "https://files.pythonhosted.org/packages/f9/e2/3e91f31a7d2b083fe6ef3fa267035b518369d9511ffab804f839851d2779/pluggy-1.6.0.tar.gz", hash = "sha256:7dcc130b76258d33b90f61b658791dede3486c3e6bfb003ee5c9bfb396dd22f3", size = 69412, upload-time = "2025-05-15T12:30:07.975Z" }
wheels = [
    { url = "https://files.pythonhosted.org/packages/54/20/4d324d65cc6d9205fabedc306948156824eb9f0ee1633355a8f7ec5c66bf/pluggy-1.6.0-py3-none-any.whl", hash = "sha256:e920276dd6813095e9377c0bc5566d94c932c33b27a3e3945d8389c374dd4746", size = 20538, upload-time = "2025-05-15T12:30:06.134Z" },
]

[[package]]
name = "pygments"
version = "2.20.0"
source = { registry = "https://pypi.org/simple" }
sdist = { url = "https://files.pythonhosted.org/packages/c3/b2/bc9c9196916376152d655522fdcebac55e66de6603a76a02bca1b6414f6c/pygments-2.20.0.tar.gz", hash = "sha256:6757cd03768053ff99f3039c1a36d6c0aa0b263438fcab17520b30a303a82b5f", size = 4955991, upload-time = "2026-03-29T13:29:33.898Z" }
wheels = [
    { url = "https://files.pythonhosted.org/packages/f4/7e/a72dd26f3b0f4f2bf1dd8923c85f7ceb43172af56d63c7383eb62b332364/pygments-2.20.0-py3-none-any.whl", hash = "sha256:81a9e26dd42fd28a23a2d169d86d7ac03b46e2f8b59ed4698fb4785f946d0176", size = 1231151, upload-time = "2026-03-29T13:29:30.038Z" },
]

[[package]]
name = "pytest"
version = "9.1.1"
source = { registry = "https://pypi.org/simple" }
dependencies = [
    { name = "colorama", marker = "sys_platform == 'win32'" },
    { name = "iniconfig" },
    { name = "packaging" },
    { name = "pluggy" },
    { name = "pygments" },
]
sdist = { url = "https://files.pythonhosted.org/packages/e4/47/b9efed96c114afcfa3c9d3fe98a76a1d14c74a9e266d397cf6eb64be5e01/pytest-9.1.1.tar.gz", hash = "sha256:1088fbde8f2b49d95a549a195707afa7a76a3ce9bcadc26b6d71f0ffda5fe313", size = 1636369, upload-time = "2026-06-19T10:58:32.857Z" }
wheels = [
    { url = "https://files.pythonhosted.org/packages/24/25/1de2678b631f5a49215c6c96fff41ba892b0a34df68d6d80292b1b48aa7f/pytest-9.1.1-py3-none-any.whl", hash = "sha256:37a86b45efb9a47a61a36449063e8e18d0cab3161329fc099eb21783169c4f0c", size = 386536, upload-time = "2026-06-19T10:58:31.347Z" },
]

[[package]]
name = "pyyaml"
version = "6.0.3"
source = { registry = "https://pypi.org/simple" }
sdist = { url = "https://files.pythonhosted.org/packages/05/8e/961c0007c59b8dd7729d542c61a4d537767a59645b82a0b521206e1e25c2/pyyaml-6.0.3.tar.gz", hash = "sha256:d76623373421df22fb4cf8817020cbb7ef15c725b9d5e45f17e189bfc384190f", size = 130960, upload-time = "2025-09-25T21:33:16.546Z" }
wheels = [
    { url = "https://files.pythonhosted.org/packages/6d/16/a95b6757765b7b031c9374925bb718d55e0a9ba8a1b6a12d25962ea44347/pyyaml-6.0.3-cp311-cp311-macosx_10_13_x86_64.whl", hash = "sha256:44edc647873928551a01e7a563d7452ccdebee747728c1080d881d68af7b997e", size = 185826, upload-time = "2025-09-25T21:31:58.655Z" },
    { url = "https://files.pythonhosted.org/packages/16/19/13de8e4377ed53079ee996e1ab0a9c33ec2faf808a4647b7b4c0d46dd239/pyyaml-6.0.3-cp311-cp311-macosx_11_0_arm64.whl", hash = "sha256:652cb6edd41e718550aad172851962662ff2681490a8a711af6a4d288dd96824", size = 175577, upload-time = "2025-09-25T21:32:00.088Z" },
    { url = "https://files.pythonhosted.org/packages/0c/62/d2eb46264d4b157dae1275b573017abec435397aa59cbcdab6fc978a8af4/pyyaml-6.0.3-cp311-cp311-manylinux2014_aarch64.manylinux_2_17_aarch64.manylinux_2_28_aarch64.whl", hash = "sha256:10892704fc220243f5305762e276552a0395f7beb4dbf9b14ec8fd43b57f126c", size = 775556, upload-time = "2025-09-25T21:32:01.31Z" },
    { url = "https://files.pythonhosted.org/packages/10/cb/16c3f2cf3266edd25aaa00d6c4350381c8b012ed6f5276675b9eba8d9ff4/pyyaml-6.0.3-cp311-cp311-manylinux2014_s390x.manylinux_2_17_s390x.manylinux_2_28_s390x.whl", hash = "sha256:850774a7879607d3a6f50d36d04f00ee69e7fc816450e5f7e58d7f17f1ae5c00", size = 882114, upload-time = "2025-09-25T21:32:03.376Z" },
    { url = "https://files.pythonhosted.org/packages/71/60/917329f640924b18ff085ab889a11c763e0b573da888e8404ff486657602/pyyaml-6.0.3-cp311-cp311-manylinux2014_x86_64.manylinux_2_17_x86_64.manylinux_2_28_x86_64.whl", hash = "sha256:b8bb0864c5a28024fac8a632c443c87c5aa6f215c0b126c449ae1a150412f31d", size = 806638, upload-time = "2025-09-25T21:32:04.553Z" },
    { url = "https://files.pythonhosted.org/packages/dd/6f/529b0f316a9fd167281a6c3826b5583e6192dba792dd55e3203d3f8e655a/pyyaml-6.0.3-cp311-cp311-musllinux_1_2_aarch64.whl", hash = "sha256:1d37d57ad971609cf3c53ba6a7e365e40660e3be0e5175fa9f2365a379d6095a", size = 767463, upload-time = "2025-09-25T21:32:06.152Z" },
    { url = "https://files.pythonhosted.org/packages/f2/6a/b627b4e0c1dd03718543519ffb2f1deea4a1e6d42fbab8021936a4d22589/pyyaml-6.0.3-cp311-cp311-musllinux_1_2_x86_64.whl", hash = "sha256:37503bfbfc9d2c40b344d06b2199cf0e96e97957ab1c1b546fd4f87e53e5d3e4", size = 794986, upload-time = "2025-09-25T21:32:07.367Z" },
    { url = "https://files.pythonhosted.org/packages/45/91/47a6e1c42d9ee337c4839208f30d9f09caa9f720ec7582917b264defc875/pyyaml-6.0.3-cp311-cp311-win32.whl", hash = "sha256:8098f252adfa6c80ab48096053f512f2321f0b998f98150cea9bd23d83e1467b", size = 142543, upload-time = "2025-09-25T21:32:08.95Z" },
    { url = "https://files.pythonhosted.org/packages/da/e3/ea007450a105ae919a72393cb06f122f288ef60bba2dc64b26e2646fa315/pyyaml-6.0.3-cp311-cp311-win_amd64.whl", hash = "sha256:9f3bfb4965eb874431221a3ff3fdcddc7e74e3b07799e0e84ca4a0f867d449bf", size = 158763, upload-time = "2025-09-25T21:32:09.96Z" },
]

[[package]]
name = "ruff"
version = "0.15.22"
source = { registry = "https://pypi.org/simple" }
sdist = { url = "https://files.pythonhosted.org/packages/3a/06/ae069393fc66e8ff33036d4b368003833bf6e88ccf182e17e7a2f1c754fd/ruff-0.15.22.tar.gz", hash = "sha256:3f15175b1fb580126f58285a5dae6b2ea89000136d980c64499211f116b54809", size = 4785063, upload-time = "2026-07-16T15:14:13.244Z" }
wheels = [
    { url = "https://files.pythonhosted.org/packages/23/18/ee54b7ae1e121be7a28ea6da4b67564ebb0530e183a54415ab7e3bcd2c4e/ruff-0.15.22-py3-none-linux_armv6l.whl", hash = "sha256:44423e73493737f5e7c5b41d475483898ff37afcdae38bc3da5085e29af1c2d8", size = 10781258, upload-time = "2026-07-16T15:13:19.452Z" },
    { url = "https://files.pythonhosted.org/packages/2f/d2/2520cb14761ddbeaf57642a76942fc36adcbdbe53b4532241995f6fc485c/ruff-0.15.22-py3-none-macosx_10_12_x86_64.whl", hash = "sha256:b82c6482946e9eda7ff2e091d25b8bad3f718684e1916d41bd56873cee05b697", size = 10999477, upload-time = "2026-07-16T15:13:23.318Z" },
    { url = "https://files.pythonhosted.org/packages/c9/10/74e53572aa758dfaa678c2a2646b5c5515d884b7ca56be4d2ce03ca4b560/ruff-0.15.22-py3-none-macosx_11_0_arm64.whl", hash = "sha256:11c1c715af53a09f714e011106bffc419751ec8232fcb5da42173284ea3fec6f", size = 10466716, upload-time = "2026-07-16T15:13:26.162Z" },
    { url = "https://files.pythonhosted.org/packages/1e/cc/44eaaf0844e028182f2d0a8f2190d0f359159aed0a9e5ab861d892f1ae2a/ruff-0.15.22-py3-none-manylinux_2_17_aarch64.manylinux2014_aarch64.whl", hash = "sha256:742a29cf29bddb7c8327895d6a10e0e6c5b38a96dd407af9b5d0857f809c0576", size = 10892644, upload-time = "2026-07-16T15:13:29.229Z" },
    { url = "https://files.pythonhosted.org/packages/9f/21/8edf559014d2b0f82beea19cfb713993ad802ccda16868769979c6090a84/ruff-0.15.22-py3-none-manylinux_2_17_armv7l.manylinux2014_armv7l.whl", hash = "sha256:72af58b951b0ae395935ae79763dc349bc0eb706319d28f7a33ad2cfb3cfc178", size = 10576719, upload-time = "2026-07-16T15:13:32.35Z" },
    { url = "https://files.pythonhosted.org/packages/bf/1e/3a13abd392a3b50b62e5938a831f9ab6e588358cacad5c18545b716d2182/ruff-0.15.22-py3-none-manylinux_2_17_i686.manylinux2014_i686.whl", hash = "sha256:62d425005c1835eb24e2ee4161cb90e8db263415f4a71c8c72c33abaa6c0c224", size = 11376494, upload-time = "2026-07-16T15:13:35.958Z" },
    { url = "https://files.pythonhosted.org/packages/bf/3e/422d3d95bcf04dd78e1aeac22184d4f9a8fb2c01865d39d44618484a0317/ruff-0.15.22-py3-none-manylinux_2_17_ppc64le.manylinux2014_ppc64le.whl", hash = "sha256:e8b9b3f8779a4f08c969defc3c8c35abffaa757e601ed5ae66d6d1db6519969a", size = 12208370, upload-time = "2026-07-16T15:13:39.185Z" },
    { url = "https://files.pythonhosted.org/packages/1e/91/5d065a0e0a02bf4813f5119ad278462eed081d2b832eb7c021ade0ec9e65/ruff-0.15.22-py3-none-manylinux_2_17_s390x.manylinux2014_s390x.whl", hash = "sha256:1e0dd1b2e4d3d585f897a0d137cbf4eaf6223bef4e8ce34d6bb12556c5f9249e", size = 11581098, upload-time = "2026-07-16T15:13:42.132Z" },
    { url = "https://files.pythonhosted.org/packages/f6/f9/a0d4871d12fae702eb1f41b686caf05f1f8b124dc6db6f784f53d74918fa/ruff-0.15.22-py3-none-manylinux_2_17_x86_64.manylinux2014_x86_64.whl", hash = "sha256:365523eb91d9224e1bcb03b022fbf0facb8f9e23792a2c53d9d4b3924bdbdebb", size = 11399422, upload-time = "2026-07-16T15:13:45.2Z" },
    { url = "https://files.pythonhosted.org/packages/18/80/c843a5176cddbceb0b7e8dd41cf9993490796c1c469348d384f5a5c13c56/ruff-0.15.22-py3-none-manylinux_2_31_riscv64.whl", hash = "sha256:fabfd168afdf29fee5be98b831efa9683c94d7c5a3b58b9ce5a2e38444589a74", size = 11381683, upload-time = "2026-07-16T15:13:48.46Z" },
    { url = "https://files.pythonhosted.org/packages/d4/00/8485de0ae92239438a36cfc51350db9b9e85c9ebdfaea91b18e422706662/ruff-0.15.22-py3-none-musllinux_1_2_aarch64.whl", hash = "sha256:225dbf095a87f1d9f90f5fd7924d2613ee452a75a4308c63a8f50f761787aa7c", size = 10850295, upload-time = "2026-07-16T15:13:51.655Z" },
    { url = "https://files.pythonhosted.org/packages/fa/91/24977ec2ec72eaf15e4394ace2959fdff2dd1e14f03e005e838023407169/ruff-0.15.22-py3-none-musllinux_1_2_armv7l.whl", hash = "sha256:1877d63b9d24ed278744f1523fd11b85540566d54641f97c566d7d9dc5ca5296", size = 10579640, upload-time = "2026-07-16T15:13:54.79Z" },
    { url = "https://files.pythonhosted.org/packages/9c/47/9b51216951974df1f263ac19da550d34252e0ed7218c25f10c5ef9ed7517/ruff-0.15.22-py3-none-musllinux_1_2_i686.whl", hash = "sha256:a1606c510bd7215680d32efab38965f7cdec3ef69f5170a3f4791404ffdd5262", size = 11105077, upload-time = "2026-07-16T15:13:57.915Z" },
    { url = "https://files.pythonhosted.org/packages/c2/47/20e9d4a3b8016778acea5fc32bb50d35d207500a17ddb529ffa6996feef8/ruff-0.15.22-py3-none-musllinux_1_2_x86_64.whl", hash = "sha256:630479b18625f5ffc373f77603a22a9f8ac0acd7ff0501178b5db28ec71e9c64", size = 11490980, upload-time = "2026-07-16T15:14:01.032Z" },
    { url = "https://files.pythonhosted.org/packages/4d/76/3f72d8fc38c1cb77b38c56a70da9d0c17700cc1cc50f9649c9d3c8f5ba71/ruff-0.15.22-py3-none-win32.whl", hash = "sha256:e5ba0e4a13fd14abbed2a77b517a3911290c6c6c59ef67784328d1668fab76cf", size = 10789165, upload-time = "2026-07-16T15:14:04.16Z" },
    { url = "https://files.pythonhosted.org/packages/cb/46/4965251734c2b6fcdca1b1b187d20bcac3af0ee5b083b89c910bb961ce3a/ruff-0.15.22-py3-none-win_amd64.whl", hash = "sha256:9be63ba1eb936acd2d1342fb8337c356353706fce233b2a15a09a97037e6acde", size = 11938297, upload-time = "2026-07-16T15:14:07.316Z" },
    { url = "https://files.pythonhosted.org/packages/57/c9/e69b1ff4c8b69093ef08b8919ab767af0569666865b39c30a8795d88d3c6/ruff-0.15.22-py3-none-win_arm64.whl", hash = "sha256:e1168075b72158510839f250027659cdd78476f40507dd517892304c41318661", size = 11298172, upload-time = "2026-07-16T15:14:10.51Z" },
]

[[package]]
name = "six"
version = "1.17.0"
source = { registry = "https://pypi.org/simple" }
sdist = { url = "https://files.pythonhosted.org/packages/94/e7/b2c673351809dca68a0e064b6af791aa332cf192da575fd474ed7d6f16a2/six-1.17.0.tar.gz", hash = "sha256:ff70335d468e7eb6ec65b95b99d3a2836546063f63acc5171de367e834932a81", size = 34031, upload-time = "2024-12-04T17:35:28.174Z" }
wheels = [
    { url = "https://files.pythonhosted.org/packages/b7/ce/149a00dd41f10bc29e5921b496af8b574d8413afcd5e30dfa0ed46c2cc5e/six-1.17.0-py2.py3-none-any.whl", hash = "sha256:4721f391ed90541fddacab5acf947aa0d3dc7d27b2e1e8eda2be8970586c3274", size = 11050, upload-time = "2024-12-04T17:35:26.475Z" },
]

[[package]]
name = "vernon-lang"
version = "0.1.0"
source = { virtual = "." }
dependencies = [
    { name = "numpy" },
]

[package.optional-dependencies]
build = [
    { name = "clang-format" },
    { name = "cmakelang" },
    { name = "coverage" },
    { name = "nanobind" },
    { name = "pytest" },
    { name = "pyyaml" },
    { name = "ruff" },
]
examples = [
    { name = "opencv-python" },
]

[package.metadata]
requires-dist = [
    { name = "clang-format", marker = "extra == 'build'", specifier = "==20.1.8" },
    { name = "cmakelang", marker = "extra == 'build'", specifier = ">=0.6.13" },
    { name = "coverage", extras = ["toml"], marker = "extra == 'build'", specifier = ">=7.10" },
    { name = "nanobind", marker = "extra == 'build'", specifier = ">=2.7.0" },
    { name = "numpy", specifier = ">=1.26,<2.0" },
    { name = "opencv-python", marker = "extra == 'examples'", specifier = ">=4.10" },
    { name = "pytest", marker = "extra == 'build'", specifier = ">=9.0.3" },
    { name = "pyyaml", marker = "extra == 'build'", specifier = ">=6.0.2" },
    { name = "ruff", marker = "extra == 'build'", specifier = ">=0.15.6" },
]
provides-extras = ["examples", "build"]
